
Microsoft Visual Studio Solution File, Format Version 12.00
# Visual Studio Version 16
VisualStudioVersion = 16.0.29911.84
MinimumVisualStudioVersion = 10.0.40219.1
Project("{FAE04EC0-301F-11D3-BF4B-00C04F79EFBC}") = "Factory01", "Factory01.csproj", "{CAD369B3-BBC2-4707-ADFF-B83F5B89D60B}"
EndProject
Global
	GlobalSection(SolutionConfigurationPlatforms) = preSolution
		Debug|Any CPU = Debug|Any CPU
		Release|Any CPU = Release|Any CPU
	EndGlobalSection
	GlobalSection(ProjectConfigurationPlatforms) = postSolution
		{CAD369B3-BBC2-4707-ADFF-B83F5B89D60B}.Debug|Any CPU.ActiveCfg = Debug|Any CPU
		{CAD369B3-BBC2-4707-ADFF-B83F5B89D60B}.Debug|Any CPU.Build.0 = Debug|Any CPU
		{CAD369B3-BBC2-4707-ADFF-B83F5B89D60B}.Release|Any CPU.ActiveCfg = Release|Any CPU
		{CAD369B3-BBC2-4707-ADFF-B83F5B89D60B}.Release|Any CPU.Build.0 = Release|Any CPU
	EndGlobalSection
	GlobalSection(SolutionProperties) = preSolution
		HideSolutionNode = FALSE
	EndGlobalSection
	GlobalSection(ExtensibilityGlobals) = postSolution
		SolutionGuid = {7E026313-2FE2-4B68-8824-8C41C76B7E1B}
	EndGlobalSection
EndGlobal
